{
  "name": "@w72/coco-session",
  "version": "1.0.0",
  "lockfileVersion": 3,
  "requires": true,
  "packages": {
    "": {
      "name": "@w72/coco-session",
      "version": "1.0.0",
      "license": "MIT",
      "devDependencies": {
        "@types/node": "^18.19.3"
      },
      "peerDependencies": {
        "@w72/coco": "file:../coco"
      }
    },
    "../coco": {
      "version": "1.0.4",
      "license": "MIT",
      "peer": true,
      "dependencies": {
        "@types/cookie": "^0.6.0",
        "cookie": "^0.6.0",
        "path-to-regexp": "^6.2.1"
      },
      "devDependencies": {
        "@types/node": "^18.19.3"
      },
      "peerDependencies": {
        "zod": "^3.22.4"
      }
    },
    "node_modules/@types/node": {
      "version": "18.19.3",
      "resolved": "https://registry.npmjs.org/@types/node/-/node-18.19.3.tgz",
      "integrity": "sha512-k5fggr14DwAytoA/t8rPrIz++lXK7/DqckthCmoZOKNsEbJkId4Z//BqgApXBUGrGddrigYa1oqheo/7YmW4rg==",
      "dev": true,
      "dependencies": {
        "undici-types": "~5.26.4"
      }
    },
    "node_modules/@w72/coco": {
      "resolved": "../coco",
      "link": true
    },
    "node_modules/undici-types": {
      "version": "5.26.5",
      "resolved": "https://registry.npmjs.org/undici-types/-/undici-types-5.26.5.tgz",
      "integrity": "sha512-JlCMO+ehdEIKqlFxk6IfVoAUVmgz7cU7zD/h9XZ0qzeosSHmUJVOzSQvvYSYWXkFXC+IfLKSIffhv0sVZup6pA==",
      "dev": true
    }
  }
}
